<Solution>
  <Folder Name="/src/">
    <Project Path="src/Purfle.Runtime.Host/Purfle.Runtime.Host.csproj" />
    <Project Path="src/Purfle.Runtime.OpenClaw/Purfle.Runtime.OpenClaw.csproj" />
    <Project Path="src/Purfle.Runtime/Purfle.Runtime.csproj" />
  </Folder>
  <Folder Name="/tests/">
    <Project Path="tests/Purfle.Runtime.Tests/Purfle.Runtime.Tests.csproj" />
  </Folder>
</Solution>
