<Solution>
  <Folder Name="/src/">
    <Project Path="src/Purfle.Runtime.Anthropic/Purfle.Runtime.Anthropic.csproj" />
    <Project Path="src/Purfle.Runtime.Gemini/Purfle.Runtime.Gemini.csproj" />
    <Project Path="src/Purfle.Runtime.Host/Purfle.Runtime.Host.csproj" />
    <Project Path="src/Purfle.Runtime.Ollama/Purfle.Runtime.Ollama.csproj" />
    <Project Path="src/Purfle.Runtime.OpenClaw/Purfle.Runtime.OpenClaw.csproj" />
    <Project Path="src/Purfle.Runtime/Purfle.Runtime.csproj" />
  </Folder>
  <Folder Name="/tests/">
    <Project Path="tests/Purfle.Runtime.Tests/Purfle.Runtime.Tests.csproj" />
    <Project Path="tests/Purfle.TestAgents.Hello/Purfle.TestAgents.Hello.csproj" />
  </Folder>
  <Project Path="../sdk/dotnet/Purfle.Sdk/Purfle.Sdk.csproj" />
  <Project Path="../identityhub/src/Purfle.IdentityHub.Web/Purfle.IdentityHub.Web.csproj" />
</Solution>
